
Microsoft Visual Studio Solution File, Format Version 12.00
# Visual Studio Version 16
VisualStudioVersion = 16.0.30413.136
MinimumVisualStudioVersion = 10.0.40219.1
Project("{FAE04EC0-301F-11D3-BF4B-00C04F79EFBC}") = "LockAndMonitor", "LockAndMonitor\LockAndMonitor.csproj", "{7326B7C9-FF4F-4F71-B5BE-C1C83FAFA40A}"
EndProject
Global
	GlobalSection(SolutionConfigurationPlatforms) = preSolution
		Debug|Any CPU = Debug|Any CPU
		Release|Any CPU = Release|Any CPU
	EndGlobalSection
	GlobalSection(ProjectConfigurationPlatforms) = postSolution
		{7326B7C9-FF4F-4F71-B5BE-C1C83FAFA40A}.Debug|Any CPU.ActiveCfg = Debug|Any CPU
		{7326B7C9-FF4F-4F71-B5BE-C1C83FAFA40A}.Debug|Any CPU.Build.0 = Debug|Any CPU
		{7326B7C9-FF4F-4F71-B5BE-C1C83FAFA40A}.Release|Any CPU.ActiveCfg = Release|Any CPU
		{7326B7C9-FF4F-4F71-B5BE-C1C83FAFA40A}.Release|Any CPU.Build.0 = Release|Any CPU
	EndGlobalSection
	GlobalSection(SolutionProperties) = preSolution
		HideSolutionNode = FALSE
	EndGlobalSection
	GlobalSection(ExtensibilityGlobals) = postSolution
		SolutionGuid = {B1963527-E80B-4376-A7E4-3FF005B1673B}
	EndGlobalSection
EndGlobal
